{
    "_readme": [
        "This file locks the dependencies of your project to a known state",
        "Read more about it at https://getcomposer.org/doc/01-basic-usage.md#composer-lock-the-lock-file",
        "This file is @generated automatically"
    ],
    "hash": "523a2297de8ac2fd15d5a636077f726d",
    "content-hash": "9d093a1cfafcb215a83778c3c5e0c4d5",
    "packages": [
        {
            "name": "acf/advanced-custom-fields-pro",
            "version": "5.5.1",
            "dist": {
                "type": "zip",
                "url": "https://composer.beapi.fr/acf/advanced-custom-fields-pro.5.5.1.zip",
                "reference": null,
                "shasum": null
            },
            "require": {
                "composer/installers": "~1.0"
            },
            "type": "wordpress-plugin"
        },
        {
            "name": "bea/autoload",
            "version": "dev-master",
            "source": {
                "type": "git",
                "url": "https://github.com/BeAPI/bea-autoload.git",
                "reference": "55d5054447ccda74979dfcc22dbc50e7455e555a"
            },
            "dist": {
                "type": "zip",
                "url": "https://api.github.com/repos/BeAPI/bea-autoload/zipball/55d5054447ccda74979dfcc22dbc50e7455e555a",
                "reference": "55d5054447ccda74979dfcc22dbc50e7455e555a",
                "shasum": ""
            },
            "require": {
                "composer/installers": "~1.0"
            },
            "type": "wordpress-muplugin",
            "license": [
                "GPL-2.0"
            ],
            "authors": [
                {
                    "name": "BeAPI",
                    "email": "technique@beapi.fr"
                }
            ],
            "description": "Autoload class for plugins",
            "support": {
                "source": "https://github.com/BeAPI/bea-autoload/tree/master",
                "issues": "https://github.com/BeAPI/bea-autoload/issues"
            },
            "time": "2016-04-13 16:36:36"
        },
        {
            "name": "composer/installers",
            "version": "v1.2.0",
            "source": {
                "type": "git",
                "url": "https://github.com/composer/installers.git",
                "reference": "d78064c68299743e0161004f2de3a0204e33b804"
            },
            "dist": {
                "type": "zip",
                "url": "https://api.github.com/repos/composer/installers/zipball/d78064c68299743e0161004f2de3a0204e33b804",
                "reference": "d78064c68299743e0161004f2de3a0204e33b804",
                "shasum": ""
            },
            "require": {
                "composer-plugin-api": "^1.0"
            },
            "replace": {
                "roundcube/plugin-installer": "*",
                "shama/baton": "*"
            },
            "require-dev": {
                "composer/composer": "1.0.*@dev",
                "phpunit/phpunit": "4.1.*"
            },
            "type": "composer-plugin",
            "extra": {
                "class": "Composer\\Installers\\Plugin",
                "branch-alias": {
                    "dev-master": "1.0-dev"
                }
            },
            "autoload": {
                "psr-4": {
                    "Composer\\Installers\\": "src/Composer/Installers"
                }
            },
            "notification-url": "https://packagist.org/downloads/",
            "license": [
                "MIT"
            ],
            "authors": [
                {
                    "name": "Kyle Robinson Young",
                    "email": "kyle@dontkry.com",
                    "homepage": "https://github.com/shama"
                }
            ],
            "description": "A multi-framework Composer library installer",
            "homepage": "https://composer.github.io/installers/",
            "keywords": [
                "Craft",
                "Dolibarr",
                "Hurad",
                "ImageCMS",
                "MODX Evo",
                "Mautic",
                "OXID",
                "Plentymarkets",
                "RadPHP",
                "SMF",
                "Thelia",
                "WolfCMS",
                "agl",
                "aimeos",
                "annotatecms",
                "attogram",
                "bitrix",
                "cakephp",
                "chef",
                "cockpit",
                "codeigniter",
                "concrete5",
                "croogo",
                "dokuwiki",
                "drupal",
                "elgg",
                "expressionengine",
                "fuelphp",
                "grav",
                "installer",
                "joomla",
                "kohana",
                "laravel",
                "lithium",
                "magento",
                "mako",
                "mediawiki",
                "modulework",
                "moodle",
                "phpbb",
                "piwik",
                "ppi",
                "puppet",
                "reindex",
                "roundcube",
                "shopware",
                "silverstripe",
                "symfony",
                "typo3",
                "wordpress",
                "yawik",
                "zend",
                "zikula"
            ],
            "time": "2016-08-13 20:53:52"
        },
        {
            "name": "facetwp/facetwp",
            "version": "2.7.1.1",
            "dist": {
                "type": "zip",
                "url": "https://composer.beapi.fr/facetwp/facetwp.2.7.1.1.zip",
                "reference": null,
                "shasum": null
            },
            "require": {
                "composer/installers": "~1.0"
            },
            "type": "wordpress-plugin"
        },
        {
            "name": "johnpbloch/wordpress",
            "version": "4.7",
            "source": {
                "type": "git",
                "url": "https://github.com/johnpbloch/wordpress.git",
                "reference": "b327faa6feea3a4058178dee7ac8b512bd957e92"
            },
            "dist": {
                "type": "zip",
                "url": "https://api.github.com/repos/johnpbloch/wordpress/zipball/b327faa6feea3a4058178dee7ac8b512bd957e92",
                "reference": "b327faa6feea3a4058178dee7ac8b512bd957e92",
                "shasum": ""
            },
            "require": {
                "johnpbloch/wordpress-core-installer": "~0.2",
                "php": ">=5.3.2"
            },
            "type": "wordpress-core",
            "notification-url": "https://packagist.org/downloads/",
            "license": [
                "GPL-2.0+"
            ],
            "authors": [
                {
                    "name": "WordPress Community",
                    "homepage": "http://wordpress.org/about/"
                }
            ],
            "description": "WordPress is web software you can use to create a beautiful website or blog.",
            "homepage": "http://wordpress.org/",
            "keywords": [
                "blog",
                "cms"
            ],
            "time": "2016-12-06 18:46:46"
        },
        {
            "name": "johnpbloch/wordpress-core-installer",
            "version": "0.2.1",
            "source": {
                "type": "git",
                "url": "https://github.com/johnpbloch/wordpress-core-installer.git",
                "reference": "a04c2c383ef13aae077f36799ed2eafdebd618d2"
            },
            "dist": {
                "type": "zip",
                "url": "https://api.github.com/repos/johnpbloch/wordpress-core-installer/zipball/a04c2c383ef13aae077f36799ed2eafdebd618d2",
                "reference": "a04c2c383ef13aae077f36799ed2eafdebd618d2",
                "shasum": ""
            },
            "require": {
                "composer-plugin-api": "^1.0"
            },
            "conflict": {
                "composer/installers": "<1.0.6"
            },
            "require-dev": {
                "composer/composer": "1.0.*@dev"
            },
            "type": "composer-plugin",
            "extra": {
                "class": "johnpbloch\\Composer\\WordPressCorePlugin"
            },
            "autoload": {
                "psr-0": {
                    "johnpbloch\\Composer\\": "src/"
                }
            },
            "notification-url": "https://packagist.org/downloads/",
            "license": [
                "GPL-2.0+"
            ],
            "authors": [
                {
                    "name": "John P. Bloch",
                    "email": "me@johnpbloch.com"
                }
            ],
            "description": "A custom installer to handle deploying WordPress with composer",
            "keywords": [
                "wordpress"
            ],
            "time": "2015-06-11 15:15:30"
        },
        {
            "name": "wemakecustom/wp-mu-loader",
            "version": "v1.0.2",
            "source": {
                "type": "git",
                "url": "https://github.com/wemakecustom/wp-mu-loader.git",
                "reference": "36cb5b0939da619dc07392529fa0253d4017bde4"
            },
            "dist": {
                "type": "zip",
                "url": "https://api.github.com/repos/wemakecustom/wp-mu-loader/zipball/36cb5b0939da619dc07392529fa0253d4017bde4",
                "reference": "36cb5b0939da619dc07392529fa0253d4017bde4",
                "shasum": ""
            },
            "require": {
                "composer/installers": "~1.0"
            },
            "suggest": {
                "wemakecustom/wp-mu-composer": "Composer includer"
            },
            "type": "wordpress-muplugin",
            "extra": {
                "installer-name": "mu-loader"
            },
            "license": [
                "GPL-2.0"
            ],
            "authors": [
                {
                    "name": "WeMakeCustom",
                    "email": "info@wemakecustom.com",
                    "homepage": "http://www.wemakecustom.com"
                }
            ],
            "description": "Enables the loading of Wordpress plugins sitting in mu-plugins (as folders)",
            "keywords": [
                "plugins",
                "wordpress"
            ],
            "support": {
                "source": "https://github.com/wemakecustom/wp-mu-loader/tree/v1.0.2",
                "issues": "https://github.com/wemakecustom/wp-mu-loader/issues"
            },
            "time": "2015-01-21 14:32:26"
        },
        {
            "name": "wpackagist-plugin/custom-post-type-ui",
            "version": "1.4.3",
            "source": {
                "type": "svn",
                "url": "https://plugins.svn.wordpress.org/custom-post-type-ui/",
                "reference": "tags/1.4.3"
            },
            "dist": {
                "type": "zip",
                "url": "https://downloads.wordpress.org/plugin/custom-post-type-ui.1.4.3.zip",
                "reference": null,
                "shasum": null
            },
            "require": {
                "composer/installers": "~1.0"
            },
            "type": "wordpress-plugin",
            "homepage": "https://wordpress.org/plugins/custom-post-type-ui/"
        },
        {
            "name": "wpackagist-theme/twentyseventeen",
            "version": "1.0",
            "source": {
                "type": "svn",
                "url": "https://themes.svn.wordpress.org/twentyseventeen/",
                "reference": "1.0"
            },
            "dist": {
                "type": "zip",
                "url": "https://downloads.wordpress.org/theme/twentyseventeen.1.0.zip",
                "reference": null,
                "shasum": null
            },
            "require": {
                "composer/installers": "~1.0"
            },
            "type": "wordpress-theme",
            "homepage": "https://wordpress.org/themes/twentyseventeen/"
        }
    ],
    "packages-dev": [],
    "aliases": [],
    "minimum-stability": "stable",
    "stability-flags": {
        "johnpbloch/wordpress": 0,
        "composer/installers": 0,
        "bea/autoload": 20,
        "wpackagist-theme/twentyseventeen": 0,
        "acf/advanced-custom-fields-pro": 0,
        "wpackagist-plugin/custom-post-type-ui": 0,
        "facetwp/facetwp": 0
    },
    "prefer-stable": false,
    "prefer-lowest": false,
    "platform": [],
    "platform-dev": []
}
